// !$*UTF8*$!
{
	archiveVersion = 1;
	classes = {
	};
	objectVersion = 56;
	objects = {

/* Begin PBXBuildFile section */
		FA26BA8F28E47712001161CD /* testApp.swift in Sources */ = {isa = PBXBuildFile; fileRef = FA26BA8E28E47712001161CD /* testApp.swift */; };
		FA26BA9128E47712001161CD /* ContentView.swift in Sources */ = {isa = PBXBuildFile; fileRef = FA26BA9028E47712001161CD /* ContentView.swift */; };
		FA26BA9328E47714001161CD /* Assets.xcassets in Resources */ = {isa = PBXBuildFile; fileRef = FA26BA9228E47714001161CD /* Assets.xcassets */; };
		FA26BA9728E47714001161CD /* Preview Assets.xcassets in Resources */ = {isa = PBXBuildFile; fileRef = FA26BA9628E47714001161CD /* Preview Assets.xcassets */; };
		FA26BAA128E47714001161CD /* testTests.swift in Sources */ = {isa = PBXBuildFile; fileRef = FA26BAA028E47714001161CD /* testTests.swift */; };
		FA26BAAB28E47714001161CD /* testUITests.swift in Sources */ = {isa = PBXBuildFile; fileRef = FA26BAAA28E47714001161CD /* testUITests.swift */; };
		FA26BAAD28E47714001161CD /* testUITestsLaunchTests.swift in Sources */ = {isa = PBXBuildFile; fileRef = FA26BAAC28E47714001161CD /* testUITestsLaunchTests.swift */; };
/* End PBXBuildFile section */

/* Begin PBXContainerItemProxy section */
		FA26BA9D28E47714001161CD /* PBXContainerItemProxy */ = {
			isa = PBXContainerItemProxy;
			containerPortal = FA26BA8328E47712001161CD /* Project object */;
			proxyType = 1;
			remoteGlobalIDString = FA26BA8A28E47712001161CD;
			remoteInfo = test;
		};
		FA26BAA728E47714001161CD /* PBXContainerItemProxy */ = {
			isa = PBXContainerItemProxy;
			containerPortal = FA26BA8328E47712001161CD /* Project object */;
			proxyType = 1;
			remoteGlobalIDString = FA26BA8A28E47712001161CD;
			remoteInfo = test;
		};
/* End PBXContainerItemProxy section */

/* Begin PBXFileReference section */
		FA26BA8B28E47712001161CD /* test.app */ = {isa = PBXFileReference; explicitFileType = wrapper.application; includeInIndex = 0; path = test.app; sourceTree = BUILT_PRODUCTS_DIR; };
		FA26BA8E28E47712001161CD /* testApp.swift */ = {isa = PBXFileReference; lastKnownFileType = sourcecode.swift; path = testApp.swift; sourceTree = "<group>"; };
		FA26BA9028E47712001161CD /* ContentView.swift */ = {isa = PBXFileReference; lastKnownFileType = sourcecode.swift; path = ContentView.swift; sourceTree = "<group>"; };
		FA26BA9228E47714001161CD /* Assets.xcassets */ = {isa = PBXFileReference; lastKnownFileType = folder.assetcatalog; path = Assets.xcassets; sourceTree = "<group>"; };
		FA26BA9428E47714001161CD /* test.entitlements */ = {isa = PBXFileReference; lastKnownFileType = text.plist.entitlements; path = test.entitlements; sourceTree = "<group>"; };
		FA26BA9628E47714001161CD /* Preview Assets.xcassets */ = {isa = PBXFileReference; lastKnownFileType = folder.assetcatalog; path = "Preview Assets.xcassets"; sourceTree = "<group>"; };
		FA26BA9C28E47714001161CD /* testTests.xctest */ = {isa = PBXFileReference; explicitFileType = wrapper.cfbundle; includeInIndex = 0; path = testTests.xctest; sourceTree = BUILT_PRODUCTS_DIR; };
		FA26BAA028E47714001161CD /* testTests.swift */ = {isa = PBXFileReference; lastKnownFileType = sourcecode.swift; path = testTests.swift; sourceTree = "<group>"; };
		FA26BAA628E47714001161CD /* testUITests.xctest */ = {isa = PBXFileReference; explicitFileType = wrapper.cfbundle; includeInIndex = 0; path = testUITests.xctest; sourceTree = BUILT_PRODUCTS_DIR; };
		FA26BAAA28E47714001161CD /* testUITests.swift */ = {isa = PBXFileReference; lastKnownFileType = sourcecode.swift; path = testUITests.swift; sourceTree = "<group>"; };
		FA26BAAC28E47714001161CD /* testUITestsLaunchTests.swift */ = {isa = PBXFileReference; lastKnownFileType = sourcecode.swift; path = testUITestsLaunchTests.swift; sourceTree = "<group>"; };
/* End PBXFileReference section */

/* Begin PBXFrameworksBuildPhase section */
		FA26BA8828E47712001161CD /* Frameworks */ = {
			isa = PBXFrameworksBuildPhase;
			buildActionMask = 2147483647;
			files = (
			);
			runOnlyForDeploymentPostprocessing = 0;
		};
		FA26BA9928E47714001161CD /* Frameworks */ = {
			isa = PBXFrameworksBuildPhase;
			buildActionMask = 2147483647;
			files = (
			);
			runOnlyForDeploymentPostprocessing = 0;
		};
		FA26BAA328E47714001161CD /* Frameworks */ = {
			isa = PBXFrameworksBuildPhase;
			buildActionMask = 2147483647;
			files = (
			);
			runOnlyForDeploymentPostprocessing = 0;
		};
/* End PBXFrameworksBuildPhase section */

/* Begin PBXGroup section */
		FA26BA8228E47712001161CD = {
			isa = PBXGroup;
			children = (
				FA26BA8D28E47712001161CD /* test */,
				FA26BA9F28E47714001161CD /* testTests */,
				FA26BAA928E47714001161CD /* testUITests */,
				FA26BA8C28E47712001161CD /* Products */,
			);
			sourceTree = "<group>";
		};
		FA26BA8C28E47712001161CD /* Products */ = {
			isa = PBXGroup;
			children = (
				FA26BA8B28E47712001161CD /* test.app */,
				FA26BA9C28E47714001161CD /* testTests.xctest */,
				FA26BAA628E47714001161CD /* testUITests.xctest */,
			);
			name = Products;
			sourceTree = "<group>";
		};
		FA26BA8D28E47712001161CD /* test */ = {
			isa = PBXGroup;
			children = (
				FA26BA8E28E47712001161CD /* testApp.swift */,
				FA26BA9028E47712001161CD /* ContentView.swift */,
				FA26BA9228E47714001161CD /* Assets.xcassets */,
				FA26BA9428E47714001161CD /* test.entitlements */,
				FA26BA9528E47714001161CD /* Preview Content */,
			);
			path = test;
			sourceTree = "<group>";
		};
		FA26BA9528E47714001161CD /* Preview Content */ = {
			isa = PBXGroup;
			children = (
				FA26BA9628E47714001161CD /* Preview Assets.xcassets */,
			);
			path = "Preview Content";
			sourceTree = "<group>";
		};
		FA26BA9F28E47714001161CD /* testTests */ = {
			isa = PBXGroup;
			children = (
				FA26BAA028E47714001161CD /* testTests.swift */,
			);
			path = testTests;
			sourceTree = "<group>";
		};
		FA26BAA928E47714001161CD /* testUITests */ = {
			isa = PBXGroup;
			children = (
				FA26BAAA28E47714001161CD /* testUITests.swift */,
				FA26BAAC28E47714001161CD /* testUITestsLaunchTests.swift */,
			);
			path = testUITests;
			sourceTree = "<group>";
		};
/* End PBXGroup section */

/* Begin PBXNativeTarget section */
		FA26BA8A28E47712001161CD /* test */ = {
			isa = PBXNativeTarget;
			buildConfigurationList = FA26BAB028E47714001161CD /* Build configuration list for PBXNativeTarget "test" */;
			buildPhases = (
				FA26BA8728E47712001161CD /* Sources */,
				FA26BA8828E47712001161CD /* Frameworks */,
				FA26BA8928E47712001161CD /* Resources */,
			);
			buildRules = (
			);
			dependencies = (
			);
			name = test;
			productName = test;
			productReference = FA26BA8B28E47712001161CD /* test.app */;
			productType = "com.apple.product-type.application";
		};
		FA26BA9B28E47714001161CD /* testTests */ = {
			isa = PBXNativeTarget;
			buildConfigurationList = FA26BAB328E47714001161CD /* Build configuration list for PBXNativeTarget "testTests" */;
			buildPhases = (
				FA26BA9828E47714001161CD /* Sources */,
				FA26BA9928E47714001161CD /* Frameworks */,
				FA26BA9A28E47714001161CD /* Resources */,
			);
			buildRules = (
			);
			dependencies = (
				FA26BA9E28E47714001161CD /* PBXTargetDependency */,
			);
			name = testTests;
			productName = testTests;
			productReference = FA26BA9C28E47714001161CD /* testTests.xctest */;
			productType = "com.apple.product-type.bundle.unit-test";
		};
		FA26BAA528E47714001161CD /* testUITests */ = {
			isa = PBXNativeTarget;
			buildConfigurationList = FA26BAB628E47714001161CD /* Build configuration list for PBXNativeTarget "testUITests" */;
			buildPhases = (
				FA26BAA228E47714001161CD /* Sources */,
				FA26BAA328E47714001161CD /* Frameworks */,
				FA26BAA428E47714001161CD /* Resources */,
			);
			buildRules = (
			);
			dependencies = (
				FA26BAA828E47714001161CD /* PBXTargetDependency */,
			);
			name = testUITests;
			productName = testUITests;
			productReference = FA26BAA628E47714001161CD /* testUITests.xctest */;
			productType = "com.apple.product-type.bundle.ui-testing";
		};
/* End PBXNativeTarget section */

/* Begin PBXProject section */
		FA26BA8328E47712001161CD /* Project object */ = {
			isa = PBXProject;
			attributes = {
				BuildIndependentTargetsInParallel = 1;
				LastSwiftUpdateCheck = 1400;
				LastUpgradeCheck = 1400;
				TargetAttributes = {
					FA26BA8A28E47712001161CD = {
						CreatedOnToolsVersion = 14.0.1;
					};
					FA26BA9B28E47714001161CD = {
						CreatedOnToolsVersion = 14.0.1;
						TestTargetID = FA26BA8A28E47712001161CD;
					};
					FA26BAA528E47714001161CD = {
						CreatedOnToolsVersion = 14.0.1;
						TestTargetID = FA26BA8A28E47712001161CD;
					};
				};
			};
			buildConfigurationList = FA26BA8628E47712001161CD /* Build configuration list for PBXProject "test" */;
			compatibilityVersion = "Xcode 14.0";
			developmentRegion = en;
			hasScannedForEncodings = 0;
			knownRegions = (
				en,
				Base,
			);
			mainGroup = FA26BA8228E47712001161CD;
			productRefGroup = FA26BA8C28E47712001161CD /* Products */;
			projectDirPath = "";
			projectRoot = "";
			targets = (
				FA26BA8A28E47712001161CD /* test */,
				FA26BA9B28E47714001161CD /* testTests */,
				FA26BAA528E47714001161CD /* testUITests */,
			);
		};
/* End PBXProject section */

/* Begin PBXResourcesBuildPhase section */
		FA26BA8928E47712001161CD /* Resources */ = {
			isa = PBXResourcesBuildPhase;
			buildActionMask = 2147483647;
			files = (
				FA26BA9728E47714001161CD /* Preview Assets.xcassets in Resources */,
				FA26BA9328E47714001161CD /* Assets.xcassets in Resources */,
			);
			runOnlyForDeploymentPostprocessing = 0;
		};
		FA26BA9A28E47714001161CD /* Resources */ = {
			isa = PBXResourcesBuildPhase;
			buildActionMask = 2147483647;
			files = (
			);
			runOnlyForDeploymentPostprocessing = 0;
		};
		FA26BAA428E47714001161CD /* Resources */ = {
			isa = PBXResourcesBuildPhase;
			buildActionMask = 2147483647;
			files = (
			);
			runOnlyForDeploymentPostprocessing = 0;
		};
/* End PBXResourcesBuildPhase section */

/* Begin PBXSourcesBuildPhase section */
		FA26BA8728E47712001161CD /* Sources */ = {
			isa = PBXSourcesBuildPhase;
			buildActionMask = 2147483647;
			files = (
				FA26BA9128E47712001161CD /* ContentView.swift in Sources */,
				FA26BA8F28E47712001161CD /* testApp.swift in Sources */,
			);
			runOnlyForDeploymentPostprocessing = 0;
		};
		FA26BA9828E47714001161CD /* Sources */ = {
			isa = PBXSourcesBuildPhase;
			buildActionMask = 2147483647;
			files = (
				FA26BAA128E47714001161CD /* testTests.swift in Sources */,
			);
			runOnlyForDeploymentPostprocessing = 0;
		};
		FA26BAA228E47714001161CD /* Sources */ = {
			isa = PBXSourcesBuildPhase;
			buildActionMask = 2147483647;
			files = (
				FA26BAAD28E47714001161CD /* testUITestsLaunchTests.swift in Sources */,
				FA26BAAB28E47714001161CD /* testUITests.swift in Sources */,
			);
			runOnlyForDeploymentPostprocessing = 0;
		};
/* End PBXSourcesBuildPhase section */

/* Begin PBXTargetDependency section */
		FA26BA9E28E47714001161CD /* PBXTargetDependency */ = {
			isa = PBXTargetDependency;
			target = FA26BA8A28E47712001161CD /* test */;
			targetProxy = FA26BA9D28E47714001161CD /* PBXContainerItemProxy */;
		};
		FA26BAA828E47714001161CD /* PBXTargetDependency */ = {
			isa = PBXTargetDependency;
			target = FA26BA8A28E47712001161CD /* test */;
			targetProxy = FA26BAA728E47714001161CD /* PBXContainerItemProxy */;
		};
/* End PBXTargetDependency section */

/* Begin XCBuildConfiguration section */
		FA26BAAE28E47714001161CD /* Debug */ = {
			isa = XCBuildConfiguration;
			buildSettings = {
				ALWAYS_SEARCH_USER_PATHS = NO;
				CLANG_ANALYZER_NONNULL = YES;
				CLANG_ANALYZER_NUMBER_OBJECT_CONVERSION = YES_AGGRESSIVE;
				CLANG_CXX_LANGUAGE_STANDARD = "gnu++20";
				CLANG_ENABLE_MODULES = YES;
				CLANG_ENABLE_OBJC_ARC = YES;
				CLANG_ENABLE_OBJC_WEAK = YES;
				CLANG_WARN_BLOCK_CAPTURE_AUTORELEASING = YES;
				CLANG_WARN_BOOL_CONVERSION = YES;
				CLANG_WARN_COMMA = YES;
				CLANG_WARN_CONSTANT_CONVERSION = YES;
				CLANG_WARN_DEPRECATED_OBJC_IMPLEMENTATIONS = YES;
				CLANG_WARN_DIRECT_OBJC_ISA_USAGE = YES_ERROR;
				CLANG_WARN_DOCUMENTATION_COMMENTS = YES;
				CLANG_WARN_EMPTY_BODY = YES;
				CLANG_WARN_ENUM_CONVERSION = YES;
				CLANG_WARN_INFINITE_RECURSION = YES;
				CLANG_WARN_INT_CONVERSION = YES;
				CLANG_WARN_NON_LITERAL_NULL_CONVERSION = YES;
				CLANG_WARN_OBJC_IMPLICIT_RETAIN_SELF = YES;
				CLANG_WARN_OBJC_LITERAL_CONVERSION = YES;
				CLANG_WARN_OBJC_ROOT_CLASS = YES_ERROR;
				CLANG_WARN_QUOTED_INCLUDE_IN_FRAMEWORK_HEADER = YES;
				CLANG_WARN_RANGE_LOOP_ANALYSIS = YES;
				CLANG_WARN_STRICT_PROTOTYPES = YES;
				CLANG_WARN_SUSPICIOUS_MOVE = YES;
				CLANG_WARN_UNGUARDED_AVAILABILITY = YES_AGGRESSIVE;
				CLANG_WARN_UNREACHABLE_CODE = YES;
				CLANG_WARN__DUPLICATE_METHOD_MATCH = YES;
				COPY_PHASE_STRIP = NO;
				DEBUG_INFORMATION_FORMAT = dwarf;
				ENABLE_STRICT_OBJC_MSGSEND = YES;
				ENABLE_TESTABILITY = YES;
				GCC_C_LANGUAGE_STANDARD = gnu11;
				GCC_DYNAMIC_NO_PIC = NO;
				GCC_NO_COMMON_BLOCKS = YES;
				GCC_OPTIMIZATION_LEVEL = 0;
				GCC_PREPROCESSOR_DEFINITIONS = (
					"DEBUG=1",
					"$(inherited)",
				);
				GCC_WARN_64_TO_32_BIT_CONVERSION = YES;
				GCC_WARN_ABOUT_RETURN_TYPE = YES_ERROR;
				GCC_WARN_UNDECLARED_SELECTOR = YES;
				GCC_WARN_UNINITIALIZED_AUTOS = YES_AGGRESSIVE;
				GCC_WARN_UNUSED_FUNCTION = YES;
				GCC_WARN_UNUSED_VARIABLE = YES;
				MTL_ENABLE_DEBUG_INFO = INCLUDE_SOURCE;
				MTL_FAST_MATH = YES;
				ONLY_ACTIVE_ARCH = YES;
				SWIFT_ACTIVE_COMPILATION_CONDITIONS = DEBUG;
				SWIFT_OPTIMIZATION_LEVEL = "-Onone";
			};
			name = Debug;
		};
		FA26BAAF28E47714001161CD /* Release */ = {
			isa = XCBuildConfiguration;
			buildSettings = {
				ALWAYS_SEARCH_USER_PATHS = NO;
				CLANG_ANALYZER_NONNULL = YES;
				CLANG_ANALYZER_NUMBER_OBJECT_CONVERSION = YES_AGGRESSIVE;
				CLANG_CXX_LANGUAGE_STANDARD = "gnu++20";
				CLANG_ENABLE_MODULES = YES;
				CLANG_ENABLE_OBJC_ARC = YES;
				CLANG_ENABLE_OBJC_WEAK = YES;
				CLANG_WARN_BLOCK_CAPTURE_AUTORELEASING = YES;
				CLANG_WARN_BOOL_CONVERSION = YES;
				CLANG_WARN_COMMA = YES;
				CLANG_WARN_CONSTANT_CONVERSION = YES;
				CLANG_WARN_DEPRECATED_OBJC_IMPLEMENTATIONS = YES;
				CLANG_WARN_DIRECT_OBJC_ISA_USAGE = YES_ERROR;
				CLANG_WARN_DOCUMENTATION_COMMENTS = YES;
				CLANG_WARN_EMPTY_BODY = YES;
				CLANG_WARN_ENUM_CONVERSION = YES;
				CLANG_WARN_INFINITE_RECURSION = YES;
				CLANG_WARN_INT_CONVERSION = YES;
				CLANG_WARN_NON_LITERAL_NULL_CONVERSION = YES;
				CLANG_WARN_OBJC_IMPLICIT_RETAIN_SELF = YES;
				CLANG_WARN_OBJC_LITERAL_CONVERSION = YES;
				CLANG_WARN_OBJC_ROOT_CLASS = YES_ERROR;
				CLANG_WARN_QUOTED_INCLUDE_IN_FRAMEWORK_HEADER = YES;
				CLANG_WARN_RANGE_LOOP_ANALYSIS = YES;
				CLANG_WARN_STRICT_PROTOTYPES = YES;
				CLANG_WARN_SUSPICIOUS_MOVE = YES;
				CLANG_WARN_UNGUARDED_AVAILABILITY = YES_AGGRESSIVE;
				CLANG_WARN_UNREACHABLE_CODE = YES;
				CLANG_WARN__DUPLICATE_METHOD_MATCH = YES;
				COPY_PHASE_STRIP = NO;
				DEBUG_INFORMATION_FORMAT = "dwarf-with-dsym";
				ENABLE_NS_ASSERTIONS = NO;
				ENABLE_STRICT_OBJC_MSGSEND = YES;
				GCC_C_LANGUAGE_STANDARD = gnu11;
				GCC_NO_COMMON_BLOCKS = YES;
				GCC_WARN_64_TO_32_BIT_CONVERSION = YES;
				GCC_WARN_ABOUT_RETURN_TYPE = YES_ERROR;
				GCC_WARN_UNDECLARED_SELECTOR = YES;
				GCC_WARN_UNINITIALIZED_AUTOS = YES_AGGRESSIVE;
				GCC_WARN_UNUSED_FUNCTION = YES;
				GCC_WARN_UNUSED_VARIABLE = YES;
				MTL_ENABLE_DEBUG_INFO = NO;
				MTL_FAST_MATH = YES;
				SWIFT_COMPILATION_MODE = wholemodule;
				SWIFT_OPTIMIZATION_LEVEL = "-O";
			};
			name = Release;
		};
		FA26BAB128E47714001161CD /* Debug */ = {
			isa = XCBuildConfiguration;
			buildSettings = {
				ASSETCATALOG_COMPILER_APPICON_NAME = AppIcon;
				ASSETCATALOG_COMPILER_GLOBAL_ACCENT_COLOR_NAME = AccentColor;
				CODE_SIGN_ENTITLEMENTS = test/test.entitlements;
				CODE_SIGN_STYLE = Automatic;
				CURRENT_PROJECT_VERSION = 1;
				DEVELOPMENT_ASSET_PATHS = "\"test/Preview Content\"";
				DEVELOPMENT_TEAM = M6T97XDZDW;
				ENABLE_HARDENED_RUNTIME = YES;
				ENABLE_PREVIEWS = YES;
				GENERATE_INFOPLIST_FILE = YES;
				"INFOPLIST_KEY_UIApplicationSceneManifest_Generation[sdk=iphoneos*]" = YES;
				"INFOPLIST_KEY_UIApplicationSceneManifest_Generation[sdk=iphonesimulator*]" = YES;
				"INFOPLIST_KEY_UIApplicationSupportsIndirectInputEvents[sdk=iphoneos*]" = YES;
				"INFOPLIST_KEY_UIApplicationSupportsIndirectInputEvents[sdk=iphonesimulator*]" = YES;
				"INFOPLIST_KEY_UILaunchScreen_Generation[sdk=iphoneos*]" = YES;
				"INFOPLIST_KEY_UILaunchScreen_Generation[sdk=iphonesimulator*]" = YES;
				"INFOPLIST_KEY_UIStatusBarStyle[sdk=iphoneos*]" = UIStatusBarStyleDefault;
				"INFOPLIST_KEY_UIStatusBarStyle[sdk=iphonesimulator*]" = UIStatusBarStyleDefault;
				INFOPLIST_KEY_UISupportedInterfaceOrientations_iPad = "UIInterfaceOrientationPortrait UIInterfaceOrientationPortraitUpsideDown UIInterfaceOrientationLandscapeLeft UIInterfaceOrientationLandscapeRight";
				INFOPLIST_KEY_UISupportedInterfaceOrientations_iPhone = "UIInterfaceOrientationPortrait UIInterfaceOrientationLandscapeLeft UIInterfaceOrientationLandscapeRight";
				IPHONEOS_DEPLOYMENT_TARGET = 16.0;
				LD_RUNPATH_SEARCH_PATHS = "@executable_path/Frameworks";
				"LD_RUNPATH_SEARCH_PATHS[sdk=macosx*]" = "@executable_path/../Frameworks";
				MACOSX_DEPLOYMENT_TARGET = 12.3;
				MARKETING_VERSION = 1.0;
				PRODUCT_BUNDLE_IDENTIFIER = com.yx.test;
				PRODUCT_NAME = "$(TARGET_NAME)";
				SDKROOT = auto;
				SUPPORTED_PLATFORMS = "iphoneos iphonesimulator macosx";
				SWIFT_EMIT_LOC_STRINGS = YES;
				SWIFT_VERSION = 5.0;
				TARGETED_DEVICE_FAMILY = "1,2";
			};
			name = Debug;
		};
		FA26BAB228E47714001161CD /* Release */ = {
			isa = XCBuildConfiguration;
			buildSettings = {
				ASSETCATALOG_COMPILER_APPICON_NAME = AppIcon;
				ASSETCATALOG_COMPILER_GLOBAL_ACCENT_COLOR_NAME = AccentColor;
				CODE_SIGN_ENTITLEMENTS = test/test.entitlements;
				CODE_SIGN_STYLE = Automatic;
				CURRENT_PROJECT_VERSION = 1;
				DEVELOPMENT_ASSET_PATHS = "\"test/Preview Content\"";
				DEVELOPMENT_TEAM = M6T97XDZDW;
				ENABLE_HARDENED_RUNTIME = YES;
				ENABLE_PREVIEWS = YES;
				GENERATE_INFOPLIST_FILE = YES;
				"INFOPLIST_KEY_UIApplicationSceneManifest_Generation[sdk=iphoneos*]" = YES;
				"INFOPLIST_KEY_UIApplicationSceneManifest_Generation[sdk=iphonesimulator*]" = YES;
				"INFOPLIST_KEY_UIApplicationSupportsIndirectInputEvents[sdk=iphoneos*]" = YES;
				"INFOPLIST_KEY_UIApplicationSupportsIndirectInputEvents[sdk=iphonesimulator*]" = YES;
				"INFOPLIST_KEY_UILaunchScreen_Generation[sdk=iphoneos*]" = YES;
				"INFOPLIST_KEY_UILaunchScreen_Generation[sdk=iphonesimulator*]" = YES;
				"INFOPLIST_KEY_UIStatusBarStyle[sdk=iphoneos*]" = UIStatusBarStyleDefault;
				"INFOPLIST_KEY_UIStatusBarStyle[sdk=iphonesimulator*]" = UIStatusBarStyleDefault;
				INFOPLIST_KEY_UISupportedInterfaceOrientations_iPad = "UIInterfaceOrientationPortrait UIInterfaceOrientationPortraitUpsideDown UIInterfaceOrientationLandscapeLeft UIInterfaceOrientationLandscapeRight";
				INFOPLIST_KEY_UISupportedInterfaceOrientations_iPhone = "UIInterfaceOrientationPortrait UIInterfaceOrientationLandscapeLeft UIInterfaceOrientationLandscapeRight";
				IPHONEOS_DEPLOYMENT_TARGET = 16.0;
				LD_RUNPATH_SEARCH_PATHS = "@executable_path/Frameworks";
				"LD_RUNPATH_SEARCH_PATHS[sdk=macosx*]" = "@executable_path/../Frameworks";
				MACOSX_DEPLOYMENT_TARGET = 12.3;
				MARKETING_VERSION = 1.0;
				PRODUCT_BUNDLE_IDENTIFIER = com.yx.test;
				PRODUCT_NAME = "$(TARGET_NAME)";
				SDKROOT = auto;
				SUPPORTED_PLATFORMS = "iphoneos iphonesimulator macosx";
				SWIFT_EMIT_LOC_STRINGS = YES;
				SWIFT_VERSION = 5.0;
				TARGETED_DEVICE_FAMILY = "1,2";
			};
			name = Release;
		};
		FA26BAB428E47714001161CD /* Debug */ = {
			isa = XCBuildConfiguration;
			buildSettings = {
				ALWAYS_EMBED_SWIFT_STANDARD_LIBRARIES = YES;
				BUNDLE_LOADER = "$(TEST_HOST)";
				CODE_SIGN_STYLE = Automatic;
				CURRENT_PROJECT_VERSION = 1;
				DEVELOPMENT_TEAM = M6T97XDZDW;
				GENERATE_INFOPLIST_FILE = YES;
				IPHONEOS_DEPLOYMENT_TARGET = 16.0;
				MACOSX_DEPLOYMENT_TARGET = 12.3;
				MARKETING_VERSION = 1.0;
				PRODUCT_BUNDLE_IDENTIFIER = com.yx.testTests;
				PRODUCT_NAME = "$(TARGET_NAME)";
				SDKROOT = auto;
				SUPPORTED_PLATFORMS = "iphoneos iphonesimulator macosx";
				SWIFT_EMIT_LOC_STRINGS = NO;
				SWIFT_VERSION = 5.0;
				TARGETED_DEVICE_FAMILY = "1,2";
				TEST_HOST = "$(BUILT_PRODUCTS_DIR)/test.app/$(BUNDLE_EXECUTABLE_FOLDER_PATH)/test";
			};
			name = Debug;
		};
		FA26BAB528E47714001161CD /* Release */ = {
			isa = XCBuildConfiguration;
			buildSettings = {
				ALWAYS_EMBED_SWIFT_STANDARD_LIBRARIES = YES;
				BUNDLE_LOADER = "$(TEST_HOST)";
				CODE_SIGN_STYLE = Automatic;
				CURRENT_PROJECT_VERSION = 1;
				DEVELOPMENT_TEAM = M6T97XDZDW;
				GENERATE_INFOPLIST_FILE = YES;
				IPHONEOS_DEPLOYMENT_TARGET = 16.0;
				MACOSX_DEPLOYMENT_TARGET = 12.3;
				MARKETING_VERSION = 1.0;
				PRODUCT_BUNDLE_IDENTIFIER = com.yx.testTests;
				PRODUCT_NAME = "$(TARGET_NAME)";
				SDKROOT = auto;
				SUPPORTED_PLATFORMS = "iphoneos iphonesimulator macosx";
				SWIFT_EMIT_LOC_STRINGS = NO;
				SWIFT_VERSION = 5.0;
				TARGETED_DEVICE_FAMILY = "1,2";
				TEST_HOST = "$(BUILT_PRODUCTS_DIR)/test.app/$(BUNDLE_EXECUTABLE_FOLDER_PATH)/test";
			};
			name = Release;
		};
		FA26BAB728E47714001161CD /* Debug */ = {
			isa = XCBuildConfiguration;
			buildSettings = {
				ALWAYS_EMBED_SWIFT_STANDARD_LIBRARIES = YES;
				CODE_SIGN_STYLE = Automatic;
				CURRENT_PROJECT_VERSION = 1;
				DEVELOPMENT_TEAM = M6T97XDZDW;
				GENERATE_INFOPLIST_FILE = YES;
				IPHONEOS_DEPLOYMENT_TARGET = 16.0;
				MACOSX_DEPLOYMENT_TARGET = 12.3;
				MARKETING_VERSION = 1.0;
				PRODUCT_BUNDLE_IDENTIFIER = com.yx.testUITests;
				PRODUCT_NAME = "$(TARGET_NAME)";
				SDKROOT = auto;
				SUPPORTED_PLATFORMS = "iphoneos iphonesimulator macosx";
				SWIFT_EMIT_LOC_STRINGS = NO;
				SWIFT_VERSION = 5.0;
				TARGETED_DEVICE_FAMILY = "1,2";
				TEST_TARGET_NAME = test;
			};
			name = Debug;
		};
		FA26BAB828E47714001161CD /* Release */ = {
			isa = XCBuildConfiguration;
			buildSettings = {
				ALWAYS_EMBED_SWIFT_STANDARD_LIBRARIES = YES;
				CODE_SIGN_STYLE = Automatic;
				CURRENT_PROJECT_VERSION = 1;
				DEVELOPMENT_TEAM = M6T97XDZDW;
				GENERATE_INFOPLIST_FILE = YES;
				IPHONEOS_DEPLOYMENT_TARGET = 16.0;
				MACOSX_DEPLOYMENT_TARGET = 12.3;
				MARKETING_VERSION = 1.0;
				PRODUCT_BUNDLE_IDENTIFIER = com.yx.testUITests;
				PRODUCT_NAME = "$(TARGET_NAME)";
				SDKROOT = auto;
				SUPPORTED_PLATFORMS = "iphoneos iphonesimulator macosx";
				SWIFT_EMIT_LOC_STRINGS = NO;
				SWIFT_VERSION = 5.0;
				TARGETED_DEVICE_FAMILY = "1,2";
				TEST_TARGET_NAME = test;
			};
			name = Release;
		};
/* End XCBuildConfiguration section */

/* Begin XCConfigurationList section */
		FA26BA8628E47712001161CD /* Build configuration list for PBXProject "test" */ = {
			isa = XCConfigurationList;
			buildConfigurations = (
				FA26BAAE28E47714001161CD /* Debug */,
				FA26BAAF28E47714001161CD /* Release */,
			);
			defaultConfigurationIsVisible = 0;
			defaultConfigurationName = Release;
		};
		FA26BAB028E47714001161CD /* Build configuration list for PBXNativeTarget "test" */ = {
			isa = XCConfigurationList;
			buildConfigurations = (
				FA26BAB128E47714001161CD /* Debug */,
				FA26BAB228E47714001161CD /* Release */,
			);
			defaultConfigurationIsVisible = 0;
			defaultConfigurationName = Release;
		};
		FA26BAB328E47714001161CD /* Build configuration list for PBXNativeTarget "testTests" */ = {
			isa = XCConfigurationList;
			buildConfigurations = (
				FA26BAB428E47714001161CD /* Debug */,
				FA26BAB528E47714001161CD /* Release */,
			);
			defaultConfigurationIsVisible = 0;
			defaultConfigurationName = Release;
		};
		FA26BAB628E47714001161CD /* Build configuration list for PBXNativeTarget "testUITests" */ = {
			isa = XCConfigurationList;
			buildConfigurations = (
				FA26BAB728E47714001161CD /* Debug */,
				FA26BAB828E47714001161CD /* Release */,
			);
			defaultConfigurationIsVisible = 0;
			defaultConfigurationName = Release;
		};
/* End XCConfigurationList section */
	};
	rootObject = FA26BA8328E47712001161CD /* Project object */;
}
